{
  "name": "ts-ami",
  "version": "3.3.0",
  "lockfileVersion": 1,
  "requires": true,
  "dependencies": {
    "@types/node": {
      "version": "9.6.55",
      "resolved": "https://registry.npmjs.org/@types/node/-/node-9.6.55.tgz",
      "integrity": "sha512-e/5tg8Ok0gSrN6pvHphnwTK0/CD9VPZrtZqpvvpEFAtfs+ZntusgGaWkf2lSEq1OFe2EDPeUMiMVpy4nZpJ4AQ==",
      "dev": true
    },
    "asterisk-manager": {
      "version": "0.1.16",
      "resolved": "https://registry.npmjs.org/asterisk-manager/-/asterisk-manager-0.1.16.tgz",
      "integrity": "sha512-JxcgSutGhz6B2XtYkqkOI/sRH3hCGHmeNXuqNBw1JMtDMrRzpfuXB0keH4ouRtQPxdb2LIj83RWdR5uVnFim9A=="
    },
    "evt": {
      "version": "1.0.16",
      "resolved": "https://registry.npmjs.org/evt/-/evt-1.0.16.tgz",
      "integrity": "sha512-jJt38fwmFAeq4WLWXoz21fa76n/w26poUV1Df4ik912UtH6o8VjBJwsIxXC9Dl00xQaBnQU95rwm9+f62qs7vg==",
      "requires": {
        "minimal-polyfills": "^1.0.3",
        "run-exclusive": "^2.1.4"
      }
    },
    "function-bind": {
      "version": "1.1.1",
      "resolved": "https://registry.npmjs.org/function-bind/-/function-bind-1.1.1.tgz",
      "integrity": "sha512-yIovAzMX49sF8Yl58fSCWJ5svSLuaibPxXQJFLmBObTuCr0Mf1KiPopGM9NiFjiYBCbfaa2Fh6breQ6ANVTI0A=="
    },
    "has": {
      "version": "1.0.3",
      "resolved": "https://registry.npmjs.org/has/-/has-1.0.3.tgz",
      "integrity": "sha512-f2dvO0VU6Oej7RkWJGrehjbzMAjFp5/VKPp5tTpWIV4JHHZK1/BxbFRtf/siA2SWTe09caDmVtYYzWEIbBS4zw==",
      "requires": {
        "function-bind": "^1.1.1"
      }
    },
    "ini": {
      "version": "1.3.5",
      "resolved": "https://registry.npmjs.org/ini/-/ini-1.3.5.tgz",
      "integrity": "sha512-RZY5huIKCMRWDUqZlEi72f/lmXKMvuszcMBduliQ3nnWbx9X/ZBQO7DijMEYS9EhHBb2qacRUMtC7svLwe0lcw=="
    },
    "ini-extended": {
      "version": "github:garronej/ini-extended#d847d567ac6c042498a6766bdc47ff17d2562c24",
      "from": "github:garronej/ini-extended",
      "requires": {
        "ini": "^1.3.4"
      }
    },
    "minimal-polyfills": {
      "version": "1.0.4",
      "resolved": "https://registry.npmjs.org/minimal-polyfills/-/minimal-polyfills-1.0.4.tgz",
      "integrity": "sha512-Thj4M1y+sTzGcnLhJ9jfwLLLaXr+OPhUFL4nS6UN5KIygjRUAp6XVmzo3QyvusioW2h07E6Xd+ry8cEyEohsqA=="
    },
    "run-exclusive": {
      "version": "2.1.6",
      "resolved": "https://registry.npmjs.org/run-exclusive/-/run-exclusive-2.1.6.tgz",
      "integrity": "sha512-BDA62+76Ly8wDs9dbEaghnyuHFMFrJbTF2pw4psLfxRLu+MYc3k6jNWzFru/jQ9FXCIbVP2JfcqqPku0U1Y3Tg==",
      "requires": {
        "minimal-polyfills": "^1.0.3"
      }
    },
    "seedrandom": {
      "version": "3.0.5",
      "resolved": "https://registry.npmjs.org/seedrandom/-/seedrandom-3.0.5.tgz",
      "integrity": "sha512-8OwmbklUNzwezjGInmZ+2clQmExQPvomqjL7LFqOYqtmuxRgQYqOD3mHaU+MvZn5FLUeVxVfQjwLZW/n/JFuqg=="
    },
    "sprintf-js": {
      "version": "1.1.2",
      "resolved": "https://registry.npmjs.org/sprintf-js/-/sprintf-js-1.1.2.tgz",
      "integrity": "sha512-VE0SOVEHCk7Qc8ulkWw3ntAzXuqf7S2lvwQaDLRnUeIEaKNQJzV6BwmLKhOqT61aGhfUMrXeaBk+oDGCzvhcug=="
    },
    "super-json": {
      "version": "2.2.0",
      "resolved": "https://registry.npmjs.org/super-json/-/super-json-2.2.0.tgz",
      "integrity": "sha1-TVB8Pros+8O4oXSod99pJeQc7Oc=",
      "requires": {
        "has": "^1.0.1"
      }
    },
    "timer-extended": {
      "version": "github:garronej/timer-extended#5a4160b59d80d45a8a13c9c6f4110c200ded8ac1",
      "from": "github:garronej/timer-extended"
    },
    "transfer-tools": {
      "version": "github:garronej/transfer-tools#a9791716497c73b5bcb663a957b56b823a9caf24",
      "from": "github:garronej/transfer-tools",
      "requires": {
        "seedrandom": "^3.0.1",
        "super-json": "^2.2.0"
      }
    },
    "ts-async-agi": {
      "version": "github:garronej/ts-async-agi#685da5fa96c6ce21541edfc246586c64768c40ac",
      "from": "github:garronej/ts-async-agi",
      "requires": {
        "sprintf-js": "^1.0.3"
      }
    },
    "typescript": {
      "version": "3.8.3",
      "resolved": "https://registry.npmjs.org/typescript/-/typescript-3.8.3.tgz",
      "integrity": "sha512-MYlEfn5VrLNsgudQTVJeNaQFUAI7DkhnOjdpAp4T+ku1TfQClewlbSuTVHiA+8skNBgaf02TL/kLOvig4y3G8w==",
      "dev": true
    }
  }
}
