{
  "name": "ts-ami",
  "version": "0.6.1",
  "lockfileVersion": 1,
  "dependencies": {
    "@types/node": {
      "version": "4.2.12",
      "resolved": "https://registry.npmjs.org/@types/node/-/node-4.2.12.tgz",
      "integrity": "sha512-ikHs3YwKEwrq/v2uuAaQqa/LplwCEGstAzMCyt7zDY+ESSKoUuvc5a8Pq8deuD35knbJ5TsLaNraeYZiY7n3UQ==",
      "dev": true
    },
    "asterisk-manager": {
      "version": "0.1.16",
      "resolved": "https://registry.npmjs.org/asterisk-manager/-/asterisk-manager-0.1.16.tgz",
      "integrity": "sha512-JxcgSutGhz6B2XtYkqkOI/sRH3hCGHmeNXuqNBw1JMtDMrRzpfuXB0keH4ouRtQPxdb2LIj83RWdR5uVnFim9A=="
    },
    "colors": {
      "version": "1.1.2",
      "resolved": "https://registry.npmjs.org/colors/-/colors-1.1.2.tgz",
      "integrity": "sha1-FopHAXVran9RoSzgyXv6KMCE7WM="
    },
    "ini": {
      "version": "1.3.4",
      "resolved": "https://registry.npmjs.org/ini/-/ini-1.3.4.tgz",
      "integrity": "sha1-BTfLedr1m1mhpRff9wbIbsA5Fi4="
    },
    "ini-extended": {
      "version": "github:garronej/ini-extended#d847d567ac6c042498a6766bdc47ff17d2562c24"
    },
    "rejection-tracker": {
      "version": "github:garronej/rejection-tracker#8bea020baa72fc55bb915227f5386643845418dd"
    },
    "stack-trace": {
      "version": "0.0.9",
      "resolved": "https://registry.npmjs.org/stack-trace/-/stack-trace-0.0.9.tgz",
      "integrity": "sha1-qPbq7KkGdMMz58Q5U/J1tFFRBpU="
    },
    "stackback": {
      "version": "0.0.2",
      "resolved": "https://registry.npmjs.org/stackback/-/stackback-0.0.2.tgz",
      "integrity": "sha1-Gsig2Ug4SNFpXkGLbQMaPDzmjjs=",
      "dev": true
    },
    "ts-events-extended": {
      "version": "github:garronej/ts-events-extended#d27918db96f31bb349a66e003933e88c51875e66"
    },
    "ts-exec-queue": {
      "version": "github:garronej/ts-exec-queue#441f48edc82ddeb348e53eb1f704087c05dc7466"
    },
    "typescript": {
      "version": "2.4.1",
      "resolved": "https://registry.npmjs.org/typescript/-/typescript-2.4.1.tgz",
      "integrity": "sha1-w8yxbdqgsjFN4DHn5v7onlujRrw=",
      "dev": true
    },
    "why-is-node-running": {
      "version": "1.2.2",
      "resolved": "https://registry.npmjs.org/why-is-node-running/-/why-is-node-running-1.2.2.tgz",
      "integrity": "sha1-yjYoLj2Tukv0iG9wm20cukzIgks=",
      "dev": true
    }
  }
}
