{
  "name": "ts-ami",
  "version": "3.2.0",
  "lockfileVersion": 1,
  "requires": true,
  "dependencies": {
    "@types/node": {
      "version": "9.4.3",
      "resolved": "https://registry.npmjs.org/@types/node/-/node-9.4.3.tgz",
      "integrity": "sha512-mzElAixccSd3Npo8r15Z70GvrlBdCBrrmc9WST8QgVWApzPJR3nwXaVkV1a/wMNuRGtsyGYYbVn/7wyasIwkCA==",
      "dev": true
    },
    "asterisk-manager": {
      "version": "0.1.16",
      "resolved": "https://registry.npmjs.org/asterisk-manager/-/asterisk-manager-0.1.16.tgz",
      "integrity": "sha512-JxcgSutGhz6B2XtYkqkOI/sRH3hCGHmeNXuqNBw1JMtDMrRzpfuXB0keH4ouRtQPxdb2LIj83RWdR5uVnFim9A=="
    },
    "function-bind": {
      "version": "1.1.1",
      "resolved": "https://registry.npmjs.org/function-bind/-/function-bind-1.1.1.tgz",
      "integrity": "sha512-yIovAzMX49sF8Yl58fSCWJ5svSLuaibPxXQJFLmBObTuCr0Mf1KiPopGM9NiFjiYBCbfaa2Fh6breQ6ANVTI0A=="
    },
    "has": {
      "version": "1.0.1",
      "resolved": "https://registry.npmjs.org/has/-/has-1.0.1.tgz",
      "integrity": "sha1-hGFzP1OLCDfJNh45qauelwTcLyg=",
      "requires": {
        "function-bind": "1.1.1"
      }
    },
    "ini": {
      "version": "1.3.4",
      "resolved": "https://registry.npmjs.org/ini/-/ini-1.3.4.tgz",
      "integrity": "sha1-BTfLedr1m1mhpRff9wbIbsA5Fi4="
    },
    "ini-extended": {
      "version": "github:garronej/ini-extended#d847d567ac6c042498a6766bdc47ff17d2562c24",
      "requires": {
        "ini": "1.3.4"
      }
    },
    "sprintf-js": {
      "version": "1.1.1",
      "resolved": "https://registry.npmjs.org/sprintf-js/-/sprintf-js-1.1.1.tgz",
      "integrity": "sha1-Nr54Mgr+WAH2zqPueLblqrlA6gw="
    },
    "super-json": {
      "version": "2.2.0",
      "resolved": "https://registry.npmjs.org/super-json/-/super-json-2.2.0.tgz",
      "integrity": "sha1-TVB8Pros+8O4oXSod99pJeQc7Oc=",
      "requires": {
        "has": "1.0.1"
      }
    },
    "timer-extended": {
      "version": "github:garronej/timer-extended#baa75657d040b7ef5d5360cb300ab59a1d5a0dba"
    },
    "transfer-tools": {
      "version": "github:garronej/transfer-tools#adc8426a744dd22aa3df1ff5492078d2ca94c216",
      "requires": {
        "super-json": "2.2.0"
      }
    },
    "ts-async-agi": {
      "version": "github:garronej/ts-async-agi#6e1233b8152a48019cae99175c23f4a70bd09321",
      "requires": {
        "sprintf-js": "1.1.1"
      }
    },
    "ts-events-extended": {
      "version": "github:garronej/ts-events-extended#9e9c11ae2353fd37141738303c65f339b5c77798",
      "requires": {
        "run-exclusive": "github:garronej/run-exclusive#d13e5154e58e2ecdd2d5ab13d69eb183aa5895ab"
      },
      "dependencies": {
        "run-exclusive": {
          "version": "github:garronej/run-exclusive#d13e5154e58e2ecdd2d5ab13d69eb183aa5895ab"
        }
      }
    },
    "typescript": {
      "version": "2.7.1",
      "resolved": "https://registry.npmjs.org/typescript/-/typescript-2.7.1.tgz",
      "integrity": "sha512-bqB1yS6o9TNA9ZC/MJxM0FZzPnZdtHj0xWK/IZ5khzVqdpGul/R/EIiHRgFXlwTD7PSIaYVnGKq1QgMCu2mnqw==",
      "dev": true
    }
  }
}
